
Microsoft Visual Studio Solution File, Format Version 12.00
# Visual Studio Version 16
VisualStudioVersion = 16.0.32802.440
MinimumVisualStudioVersion = 10.0.40219.1
Project("{FAE04EC0-301F-11D3-BF4B-00C04F79EFBC}") = "JobPortalService.Library", "JobPortalService.Library\JobPortalService.Library.csproj", "{FD8EF48A-1F74-486D-9434-1B17BF085DF2}"
EndProject
Project("{FAE04EC0-301F-11D3-BF4B-00C04F79EFBC}") = "JobPortalService.Models", "JobPortalService.Models\JobPortalService.Models.csproj", "{8206DF14-D43D-48AE-AABD-3F22F3804D0A}"
EndProject
Project("{FAE04EC0-301F-11D3-BF4B-00C04F79EFBC}") = "JobPortalService.Tests", "JobPortalService.Tests\JobPortalService.Tests.csproj", "{508F7C31-75EB-4F4F-85D7-6F88A2670F92}"
EndProject
Project("{FAE04EC0-301F-11D3-BF4B-00C04F79EFBC}") = "JobPortalService.Tests.Integrations", "JobPortalService.Tests.Integrations\JobPortalService.Tests.Integrations.csproj", "{0B0AC7BB-812C-4F53-8E7D-82F55A87372B}"
EndProject
Project("{FAE04EC0-301F-11D3-BF4B-00C04F79EFBC}") = "JobPortalService.Service", "JobPortalService.Service\JobPortalService.Service.csproj", "{1252F670-58E0-4DCC-B521-7F2D30223AD8}"
EndProject
Global
	GlobalSection(SolutionConfigurationPlatforms) = preSolution
		Debug|Any CPU = Debug|Any CPU
		Release|Any CPU = Release|Any CPU
	EndGlobalSection
	GlobalSection(ProjectConfigurationPlatforms) = postSolution
		{FD8EF48A-1F74-486D-9434-1B17BF085DF2}.Debug|Any CPU.ActiveCfg = Debug|Any CPU
		{FD8EF48A-1F74-486D-9434-1B17BF085DF2}.Debug|Any CPU.Build.0 = Debug|Any CPU
		{FD8EF48A-1F74-486D-9434-1B17BF085DF2}.Release|Any CPU.ActiveCfg = Release|Any CPU
		{FD8EF48A-1F74-486D-9434-1B17BF085DF2}.Release|Any CPU.Build.0 = Release|Any CPU
		{8206DF14-D43D-48AE-AABD-3F22F3804D0A}.Debug|Any CPU.ActiveCfg = Debug|Any CPU
		{8206DF14-D43D-48AE-AABD-3F22F3804D0A}.Debug|Any CPU.Build.0 = Debug|Any CPU
		{8206DF14-D43D-48AE-AABD-3F22F3804D0A}.Release|Any CPU.ActiveCfg = Release|Any CPU
		{8206DF14-D43D-48AE-AABD-3F22F3804D0A}.Release|Any CPU.Build.0 = Release|Any CPU
		{508F7C31-75EB-4F4F-85D7-6F88A2670F92}.Debug|Any CPU.ActiveCfg = Debug|Any CPU
		{508F7C31-75EB-4F4F-85D7-6F88A2670F92}.Debug|Any CPU.Build.0 = Debug|Any CPU
		{508F7C31-75EB-4F4F-85D7-6F88A2670F92}.Release|Any CPU.ActiveCfg = Release|Any CPU
		{508F7C31-75EB-4F4F-85D7-6F88A2670F92}.Release|Any CPU.Build.0 = Release|Any CPU
		{0B0AC7BB-812C-4F53-8E7D-82F55A87372B}.Debug|Any CPU.ActiveCfg = Debug|Any CPU
		{0B0AC7BB-812C-4F53-8E7D-82F55A87372B}.Debug|Any CPU.Build.0 = Debug|Any CPU
		{0B0AC7BB-812C-4F53-8E7D-82F55A87372B}.Release|Any CPU.ActiveCfg = Release|Any CPU
		{0B0AC7BB-812C-4F53-8E7D-82F55A87372B}.Release|Any CPU.Build.0 = Release|Any CPU
		{1252F670-58E0-4DCC-B521-7F2D30223AD8}.Debug|Any CPU.ActiveCfg = Debug|Any CPU
		{1252F670-58E0-4DCC-B521-7F2D30223AD8}.Debug|Any CPU.Build.0 = Debug|Any CPU
		{1252F670-58E0-4DCC-B521-7F2D30223AD8}.Release|Any CPU.ActiveCfg = Release|Any CPU
		{1252F670-58E0-4DCC-B521-7F2D30223AD8}.Release|Any CPU.Build.0 = Release|Any CPU
	EndGlobalSection
	GlobalSection(SolutionProperties) = preSolution
		HideSolutionNode = FALSE
	EndGlobalSection
	GlobalSection(ExtensibilityGlobals) = postSolution
		SolutionGuid = {15D43786-68AC-4525-8B1C-72E99941E296}
	EndGlobalSection
EndGlobal
